
Microsoft Visual Studio Solution File, Format Version 12.00
# Visual Studio 15
VisualStudioVersion = 15.0.27004.2002
MinimumVisualStudioVersion = 10.0.40219.1
Project("{2150E333-8FDC-42A3-9474-1A3956D46DE8}") = "Devices", "Devices", "{A2129504-BE77-47D7-BFB0-D8C333EA3CA4}"
EndProject
Project("{FAE04EC0-301F-11D3-BF4B-00C04F79EFBC}") = "SecsDevice", "Devices\DeviceSimulator\SecsDevice.csproj", "{8BF9676F-4514-4C43-A33A-23B9A098DC63}"
EndProject
Project("{FAE04EC0-301F-11D3-BF4B-00C04F79EFBC}") = "PEU01", "Devices\PEU01\PEU01.csproj", "{0B53B00A-67B7-4677-875B-5096F00DD9FB}"
EndProject
Project("{FAE04EC0-301F-11D3-BF4B-00C04F79EFBC}") = "MWN01", "Devices\MWN01\MWN01.csproj", "{7DADFA3A-BF39-4109-AD02-6EE7F94BEA30}"
EndProject
Project("{2150E333-8FDC-42A3-9474-1A3956D46DE8}") = "Core", "Core", "{47372419-BB0F-4D47-A9A9-F93EE7551CB9}"
EndProject
Project("{9A19103F-16F7-4668-BE54-9A1E7A4F7556}") = "Secs4Net", "Core\Secs4Net\Secs4Net.csproj", "{3C8C67B8-3746-4D26-B3A8-DCB01B5AA66B}"
EndProject
Project("{FAE04EC0-301F-11D3-BF4B-00C04F79EFBC}") = "CIM.Management", "Core\CIM.Management\CIM.Management.csproj", "{3EEDDDF5-284E-4C9E-87AF-4FFF72C480D4}"
EndProject
Project("{FAE04EC0-301F-11D3-BF4B-00C04F79EFBC}") = "EAP Host", "Core\EAPHost\EAP Host.csproj", "{391F9889-812D-4C32-975E-2CF9F5B456FF}"
EndProject
Project("{2150E333-8FDC-42A3-9474-1A3956D46DE8}") = "Management", "Management", "{2D4B25D2-13CC-44F7-AB55-77AB6222B755}"
EndProject
Project("{FAE04EC0-301F-11D3-BF4B-00C04F79EFBC}") = "CentralMonitor", "DeviceManagement\CentralMonitor\CentralMonitor.csproj", "{B7DF0C3C-41D4-48A7-939A-295BC3AC9CAA}"
EndProject
Project("{FAE04EC0-301F-11D3-BF4B-00C04F79EFBC}") = "ToolMonitor(Active)", "DeviceManagement\ToolMonitor\ToolMonitor(Active).csproj", "{E3A72A0A-529B-4397-8A97-2F9CAF701195}"
EndProject
Project("{FAE04EC0-301F-11D3-BF4B-00C04F79EFBC}") = "ToolMonitor(Passive)", "DeviceManagement\ToolPortMonitor(passive)\ToolMonitor(Passive).csproj", "{ED6E8792-75CC-4131-8FEA-10128984B3DC}"
EndProject
Project("{FAE04EC0-301F-11D3-BF4B-00C04F79EFBC}") = "WPFVisuallizer", "WPFVisuallizer\WPFVisuallizer.csproj", "{775B5524-5F1C-412E-9F89-D19611AAE026}"
EndProject
Project("{FAE04EC0-301F-11D3-BF4B-00C04F79EFBC}") = "CIM.Eap", "Core\CIM.EAP\CIM.Eap.csproj", "{51CBED10-A51E-43A7-8370-81DE490BE207}"
EndProject
Project("{9A19103F-16F7-4668-BE54-9A1E7A4F7556}") = "CIM.Services", "Core\CIM.Services\CIM.Services.csproj", "{A39E7563-C6CE-4B46-BDCB-FF61F3F7A4BC}"
EndProject
Project("{9A19103F-16F7-4668-BE54-9A1E7A4F7556}") = "Secs4Net.Sml", "Extension\Serialization.Sml\Secs4Net.Sml.csproj", "{F7C036DB-D4C9-4326-A17B-713CB00F313C}"
EndProject
Project("{2150E333-8FDC-42A3-9474-1A3956D46DE8}") = "Extensions", "Extensions", "{35657E73-7929-41AB-9415-BD463CD4DB76}"
EndProject
Project("{9A19103F-16F7-4668-BE54-9A1E7A4F7556}") = "Secs4Net.Json", "Extension\Serialization.Json\Secs4Net.Json.csproj", "{60938345-E9CF-41F0-A588-505B05E5E544}"
EndProject
Project("{2150E333-8FDC-42A3-9474-1A3956D46DE8}") = "Data", "Data", "{7CB55EBC-3CD9-4ECD-831F-2FEA9B4D822A}"
	ProjectSection(SolutionItems) = preProject
		common.json = common.json
		common.sml = common.sml
	EndProjectSection
EndProject
Project("{FAE04EC0-301F-11D3-BF4B-00C04F79EFBC}") = "LinqPadDeriver", "Devices\LinqPadDeriver\LinqPadDeriver.csproj", "{B05ED3B8-AB3F-44D5-ABA7-E6AA4A924FDB}"
EndProject
Project("{9A19103F-16F7-4668-BE54-9A1E7A4F7556}") = "Secs4Net.Rx", "Secs4Net.Rx\Secs4Net.Rx.csproj", "{1F7E1172-8C7E-4411-852A-FA44125D6CCA}"
EndProject
Project("{2150E333-8FDC-42A3-9474-1A3956D46DE8}") = "ReadMe", "ReadMe", "{FFE65C57-3578-4AE6-97E5-017B37CB8C43}"
	ProjectSection(SolutionItems) = preProject
		..\README.md = ..\README.md
	EndProjectSection
EndProject
Project("{9A19103F-16F7-4668-BE54-9A1E7A4F7556}") = "HsmsWebHost", "Devices\WebHost\HsmsWebHost.csproj", "{25A40479-E3D1-422D-8ED4-C9FED4210435}"
EndProject
Global
	GlobalSection(SolutionConfigurationPlatforms) = preSolution
		Debug|Any CPU = Debug|Any CPU
		Debug|x86 = Debug|x86
		Release|Any CPU = Release|Any CPU
		Release|x86 = Release|x86
	EndGlobalSection
	GlobalSection(ProjectConfigurationPlatforms) = postSolution
		{8BF9676F-4514-4C43-A33A-23B9A098DC63}.Debug|Any CPU.ActiveCfg = Debug|Any CPU
		{8BF9676F-4514-4C43-A33A-23B9A098DC63}.Debug|Any CPU.Build.0 = Debug|Any CPU
		{8BF9676F-4514-4C43-A33A-23B9A098DC63}.Debug|x86.ActiveCfg = Debug|Any CPU
		{8BF9676F-4514-4C43-A33A-23B9A098DC63}.Debug|x86.Build.0 = Debug|Any CPU
		{8BF9676F-4514-4C43-A33A-23B9A098DC63}.Release|Any CPU.ActiveCfg = Release|Any CPU
		{8BF9676F-4514-4C43-A33A-23B9A098DC63}.Release|Any CPU.Build.0 = Release|Any CPU
		{8BF9676F-4514-4C43-A33A-23B9A098DC63}.Release|x86.ActiveCfg = Release|Any CPU
		{8BF9676F-4514-4C43-A33A-23B9A098DC63}.Release|x86.Build.0 = Release|Any CPU
		{0B53B00A-67B7-4677-875B-5096F00DD9FB}.Debug|Any CPU.ActiveCfg = Debug|Any CPU
		{0B53B00A-67B7-4677-875B-5096F00DD9FB}.Debug|Any CPU.Build.0 = Debug|Any CPU
		{0B53B00A-67B7-4677-875B-5096F00DD9FB}.Debug|x86.ActiveCfg = Debug|Any CPU
		{0B53B00A-67B7-4677-875B-5096F00DD9FB}.Debug|x86.Build.0 = Debug|Any CPU
		{0B53B00A-67B7-4677-875B-5096F00DD9FB}.Release|Any CPU.ActiveCfg = Release|Any CPU
		{0B53B00A-67B7-4677-875B-5096F00DD9FB}.Release|Any CPU.Build.0 = Release|Any CPU
		{0B53B00A-67B7-4677-875B-5096F00DD9FB}.Release|x86.ActiveCfg = Release|Any CPU
		{0B53B00A-67B7-4677-875B-5096F00DD9FB}.Release|x86.Build.0 = Release|Any CPU
		{7DADFA3A-BF39-4109-AD02-6EE7F94BEA30}.Debug|Any CPU.ActiveCfg = Debug|Any CPU
		{7DADFA3A-BF39-4109-AD02-6EE7F94BEA30}.Debug|Any CPU.Build.0 = Debug|Any CPU
		{7DADFA3A-BF39-4109-AD02-6EE7F94BEA30}.Debug|x86.ActiveCfg = Debug|x86
		{7DADFA3A-BF39-4109-AD02-6EE7F94BEA30}.Debug|x86.Build.0 = Debug|x86
		{7DADFA3A-BF39-4109-AD02-6EE7F94BEA30}.Release|Any CPU.ActiveCfg = Release|Any CPU
		{7DADFA3A-BF39-4109-AD02-6EE7F94BEA30}.Release|Any CPU.Build.0 = Release|Any CPU
		{7DADFA3A-BF39-4109-AD02-6EE7F94BEA30}.Release|x86.ActiveCfg = Release|x86
		{7DADFA3A-BF39-4109-AD02-6EE7F94BEA30}.Release|x86.Build.0 = Release|x86
		{3C8C67B8-3746-4D26-B3A8-DCB01B5AA66B}.Debug|Any CPU.ActiveCfg = Debug|Any CPU
		{3C8C67B8-3746-4D26-B3A8-DCB01B5AA66B}.Debug|Any CPU.Build.0 = Debug|Any CPU
		{3C8C67B8-3746-4D26-B3A8-DCB01B5AA66B}.Debug|x86.ActiveCfg = Debug|Any CPU
		{3C8C67B8-3746-4D26-B3A8-DCB01B5AA66B}.Debug|x86.Build.0 = Debug|Any CPU
		{3C8C67B8-3746-4D26-B3A8-DCB01B5AA66B}.Release|Any CPU.ActiveCfg = Release|Any CPU
		{3C8C67B8-3746-4D26-B3A8-DCB01B5AA66B}.Release|Any CPU.Build.0 = Release|Any CPU
		{3C8C67B8-3746-4D26-B3A8-DCB01B5AA66B}.Release|x86.ActiveCfg = Release|Any CPU
		{3C8C67B8-3746-4D26-B3A8-DCB01B5AA66B}.Release|x86.Build.0 = Release|Any CPU
		{3EEDDDF5-284E-4C9E-87AF-4FFF72C480D4}.Debug|Any CPU.ActiveCfg = Debug|Any CPU
		{3EEDDDF5-284E-4C9E-87AF-4FFF72C480D4}.Debug|Any CPU.Build.0 = Debug|Any CPU
		{3EEDDDF5-284E-4C9E-87AF-4FFF72C480D4}.Debug|x86.ActiveCfg = Debug|Any CPU
		{3EEDDDF5-284E-4C9E-87AF-4FFF72C480D4}.Debug|x86.Build.0 = Debug|Any CPU
		{3EEDDDF5-284E-4C9E-87AF-4FFF72C480D4}.Release|Any CPU.ActiveCfg = Release|Any CPU
		{3EEDDDF5-284E-4C9E-87AF-4FFF72C480D4}.Release|Any CPU.Build.0 = Release|Any CPU
		{3EEDDDF5-284E-4C9E-87AF-4FFF72C480D4}.Release|x86.ActiveCfg = Release|Any CPU
		{3EEDDDF5-284E-4C9E-87AF-4FFF72C480D4}.Release|x86.Build.0 = Release|Any CPU
		{391F9889-812D-4C32-975E-2CF9F5B456FF}.Debug|Any CPU.ActiveCfg = Debug|Any CPU
		{391F9889-812D-4C32-975E-2CF9F5B456FF}.Debug|Any CPU.Build.0 = Debug|Any CPU
		{391F9889-812D-4C32-975E-2CF9F5B456FF}.Debug|x86.ActiveCfg = Debug|x86
		{391F9889-812D-4C32-975E-2CF9F5B456FF}.Debug|x86.Build.0 = Debug|x86
		{391F9889-812D-4C32-975E-2CF9F5B456FF}.Release|Any CPU.ActiveCfg = Release|Any CPU
		{391F9889-812D-4C32-975E-2CF9F5B456FF}.Release|Any CPU.Build.0 = Release|Any CPU
		{391F9889-812D-4C32-975E-2CF9F5B456FF}.Release|x86.ActiveCfg = Release|x86
		{391F9889-812D-4C32-975E-2CF9F5B456FF}.Release|x86.Build.0 = Release|x86
		{B7DF0C3C-41D4-48A7-939A-295BC3AC9CAA}.Debug|Any CPU.ActiveCfg = Debug|Any CPU
		{B7DF0C3C-41D4-48A7-939A-295BC3AC9CAA}.Debug|Any CPU.Build.0 = Debug|Any CPU
		{B7DF0C3C-41D4-48A7-939A-295BC3AC9CAA}.Debug|x86.ActiveCfg = Debug|Any CPU
		{B7DF0C3C-41D4-48A7-939A-295BC3AC9CAA}.Debug|x86.Build.0 = Debug|Any CPU
		{B7DF0C3C-41D4-48A7-939A-295BC3AC9CAA}.Release|Any CPU.ActiveCfg = Release|Any CPU
		{B7DF0C3C-41D4-48A7-939A-295BC3AC9CAA}.Release|Any CPU.Build.0 = Release|Any CPU
		{B7DF0C3C-41D4-48A7-939A-295BC3AC9CAA}.Release|x86.ActiveCfg = Release|Any CPU
		{B7DF0C3C-41D4-48A7-939A-295BC3AC9CAA}.Release|x86.Build.0 = Release|Any CPU
		{E3A72A0A-529B-4397-8A97-2F9CAF701195}.Debug|Any CPU.ActiveCfg = Debug|Any CPU
		{E3A72A0A-529B-4397-8A97-2F9CAF701195}.Debug|Any CPU.Build.0 = Debug|Any CPU
		{E3A72A0A-529B-4397-8A97-2F9CAF701195}.Debug|x86.ActiveCfg = Debug|Any CPU
		{E3A72A0A-529B-4397-8A97-2F9CAF701195}.Debug|x86.Build.0 = Debug|Any CPU
		{E3A72A0A-529B-4397-8A97-2F9CAF701195}.Release|Any CPU.ActiveCfg = Release|Any CPU
		{E3A72A0A-529B-4397-8A97-2F9CAF701195}.Release|Any CPU.Build.0 = Release|Any CPU
		{E3A72A0A-529B-4397-8A97-2F9CAF701195}.Release|x86.ActiveCfg = Release|Any CPU
		{E3A72A0A-529B-4397-8A97-2F9CAF701195}.Release|x86.Build.0 = Release|Any CPU
		{ED6E8792-75CC-4131-8FEA-10128984B3DC}.Debug|Any CPU.ActiveCfg = Debug|Any CPU
		{ED6E8792-75CC-4131-8FEA-10128984B3DC}.Debug|Any CPU.Build.0 = Debug|Any CPU
		{ED6E8792-75CC-4131-8FEA-10128984B3DC}.Debug|x86.ActiveCfg = Debug|Any CPU
		{ED6E8792-75CC-4131-8FEA-10128984B3DC}.Debug|x86.Build.0 = Debug|Any CPU
		{ED6E8792-75CC-4131-8FEA-10128984B3DC}.Release|Any CPU.ActiveCfg = Release|Any CPU
		{ED6E8792-75CC-4131-8FEA-10128984B3DC}.Release|Any CPU.Build.0 = Release|Any CPU
		{ED6E8792-75CC-4131-8FEA-10128984B3DC}.Release|x86.ActiveCfg = Release|Any CPU
		{ED6E8792-75CC-4131-8FEA-10128984B3DC}.Release|x86.Build.0 = Release|Any CPU
		{775B5524-5F1C-412E-9F89-D19611AAE026}.Debug|Any CPU.ActiveCfg = Debug|Any CPU
		{775B5524-5F1C-412E-9F89-D19611AAE026}.Debug|Any CPU.Build.0 = Debug|Any CPU
		{775B5524-5F1C-412E-9F89-D19611AAE026}.Debug|x86.ActiveCfg = Debug|Any CPU
		{775B5524-5F1C-412E-9F89-D19611AAE026}.Debug|x86.Build.0 = Debug|Any CPU
		{775B5524-5F1C-412E-9F89-D19611AAE026}.Release|Any CPU.ActiveCfg = Release|Any CPU
		{775B5524-5F1C-412E-9F89-D19611AAE026}.Release|Any CPU.Build.0 = Release|Any CPU
		{775B5524-5F1C-412E-9F89-D19611AAE026}.Release|x86.ActiveCfg = Release|Any CPU
		{775B5524-5F1C-412E-9F89-D19611AAE026}.Release|x86.Build.0 = Release|Any CPU
		{51CBED10-A51E-43A7-8370-81DE490BE207}.Debug|Any CPU.ActiveCfg = Debug|Any CPU
		{51CBED10-A51E-43A7-8370-81DE490BE207}.Debug|Any CPU.Build.0 = Debug|Any CPU
		{51CBED10-A51E-43A7-8370-81DE490BE207}.Debug|x86.ActiveCfg = Debug|x86
		{51CBED10-A51E-43A7-8370-81DE490BE207}.Debug|x86.Build.0 = Debug|x86
		{51CBED10-A51E-43A7-8370-81DE490BE207}.Release|Any CPU.ActiveCfg = Release|Any CPU
		{51CBED10-A51E-43A7-8370-81DE490BE207}.Release|Any CPU.Build.0 = Release|Any CPU
		{51CBED10-A51E-43A7-8370-81DE490BE207}.Release|x86.ActiveCfg = Release|x86
		{51CBED10-A51E-43A7-8370-81DE490BE207}.Release|x86.Build.0 = Release|x86
		{A39E7563-C6CE-4B46-BDCB-FF61F3F7A4BC}.Debug|Any CPU.ActiveCfg = Debug|Any CPU
		{A39E7563-C6CE-4B46-BDCB-FF61F3F7A4BC}.Debug|Any CPU.Build.0 = Debug|Any CPU
		{A39E7563-C6CE-4B46-BDCB-FF61F3F7A4BC}.Debug|x86.ActiveCfg = Debug|Any CPU
		{A39E7563-C6CE-4B46-BDCB-FF61F3F7A4BC}.Debug|x86.Build.0 = Debug|Any CPU
		{A39E7563-C6CE-4B46-BDCB-FF61F3F7A4BC}.Release|Any CPU.ActiveCfg = Release|Any CPU
		{A39E7563-C6CE-4B46-BDCB-FF61F3F7A4BC}.Release|Any CPU.Build.0 = Release|Any CPU
		{A39E7563-C6CE-4B46-BDCB-FF61F3F7A4BC}.Release|x86.ActiveCfg = Release|Any CPU
		{A39E7563-C6CE-4B46-BDCB-FF61F3F7A4BC}.Release|x86.Build.0 = Release|Any CPU
		{F7C036DB-D4C9-4326-A17B-713CB00F313C}.Debug|Any CPU.ActiveCfg = Debug|Any CPU
		{F7C036DB-D4C9-4326-A17B-713CB00F313C}.Debug|Any CPU.Build.0 = Debug|Any CPU
		{F7C036DB-D4C9-4326-A17B-713CB00F313C}.Debug|x86.ActiveCfg = Debug|Any CPU
		{F7C036DB-D4C9-4326-A17B-713CB00F313C}.Debug|x86.Build.0 = Debug|Any CPU
		{F7C036DB-D4C9-4326-A17B-713CB00F313C}.Release|Any CPU.ActiveCfg = Release|Any CPU
		{F7C036DB-D4C9-4326-A17B-713CB00F313C}.Release|Any CPU.Build.0 = Release|Any CPU
		{F7C036DB-D4C9-4326-A17B-713CB00F313C}.Release|x86.ActiveCfg = Release|Any CPU
		{F7C036DB-D4C9-4326-A17B-713CB00F313C}.Release|x86.Build.0 = Release|Any CPU
		{60938345-E9CF-41F0-A588-505B05E5E544}.Debug|Any CPU.ActiveCfg = Debug|Any CPU
		{60938345-E9CF-41F0-A588-505B05E5E544}.Debug|Any CPU.Build.0 = Debug|Any CPU
		{60938345-E9CF-41F0-A588-505B05E5E544}.Debug|x86.ActiveCfg = Debug|Any CPU
		{60938345-E9CF-41F0-A588-505B05E5E544}.Debug|x86.Build.0 = Debug|Any CPU
		{60938345-E9CF-41F0-A588-505B05E5E544}.Release|Any CPU.ActiveCfg = Release|Any CPU
		{60938345-E9CF-41F0-A588-505B05E5E544}.Release|Any CPU.Build.0 = Release|Any CPU
		{60938345-E9CF-41F0-A588-505B05E5E544}.Release|x86.ActiveCfg = Release|Any CPU
		{60938345-E9CF-41F0-A588-505B05E5E544}.Release|x86.Build.0 = Release|Any CPU
		{B05ED3B8-AB3F-44D5-ABA7-E6AA4A924FDB}.Debug|Any CPU.ActiveCfg = Debug|Any CPU
		{B05ED3B8-AB3F-44D5-ABA7-E6AA4A924FDB}.Debug|Any CPU.Build.0 = Debug|Any CPU
		{B05ED3B8-AB3F-44D5-ABA7-E6AA4A924FDB}.Debug|x86.ActiveCfg = Debug|Any CPU
		{B05ED3B8-AB3F-44D5-ABA7-E6AA4A924FDB}.Debug|x86.Build.0 = Debug|Any CPU
		{B05ED3B8-AB3F-44D5-ABA7-E6AA4A924FDB}.Release|Any CPU.ActiveCfg = Release|Any CPU
		{B05ED3B8-AB3F-44D5-ABA7-E6AA4A924FDB}.Release|Any CPU.Build.0 = Release|Any CPU
		{B05ED3B8-AB3F-44D5-ABA7-E6AA4A924FDB}.Release|x86.ActiveCfg = Release|Any CPU
		{B05ED3B8-AB3F-44D5-ABA7-E6AA4A924FDB}.Release|x86.Build.0 = Release|Any CPU
		{1F7E1172-8C7E-4411-852A-FA44125D6CCA}.Debug|Any CPU.ActiveCfg = Debug|Any CPU
		{1F7E1172-8C7E-4411-852A-FA44125D6CCA}.Debug|Any CPU.Build.0 = Debug|Any CPU
		{1F7E1172-8C7E-4411-852A-FA44125D6CCA}.Debug|x86.ActiveCfg = Debug|Any CPU
		{1F7E1172-8C7E-4411-852A-FA44125D6CCA}.Debug|x86.Build.0 = Debug|Any CPU
		{1F7E1172-8C7E-4411-852A-FA44125D6CCA}.Release|Any CPU.ActiveCfg = Release|Any CPU
		{1F7E1172-8C7E-4411-852A-FA44125D6CCA}.Release|Any CPU.Build.0 = Release|Any CPU
		{1F7E1172-8C7E-4411-852A-FA44125D6CCA}.Release|x86.ActiveCfg = Release|Any CPU
		{1F7E1172-8C7E-4411-852A-FA44125D6CCA}.Release|x86.Build.0 = Release|Any CPU
		{25A40479-E3D1-422D-8ED4-C9FED4210435}.Debug|Any CPU.ActiveCfg = Debug|Any CPU
		{25A40479-E3D1-422D-8ED4-C9FED4210435}.Debug|Any CPU.Build.0 = Debug|Any CPU
		{25A40479-E3D1-422D-8ED4-C9FED4210435}.Debug|x86.ActiveCfg = Debug|Any CPU
		{25A40479-E3D1-422D-8ED4-C9FED4210435}.Debug|x86.Build.0 = Debug|Any CPU
		{25A40479-E3D1-422D-8ED4-C9FED4210435}.Release|Any CPU.ActiveCfg = Release|Any CPU
		{25A40479-E3D1-422D-8ED4-C9FED4210435}.Release|Any CPU.Build.0 = Release|Any CPU
		{25A40479-E3D1-422D-8ED4-C9FED4210435}.Release|x86.ActiveCfg = Release|Any CPU
		{25A40479-E3D1-422D-8ED4-C9FED4210435}.Release|x86.Build.0 = Release|Any CPU
	EndGlobalSection
	GlobalSection(SolutionProperties) = preSolution
		HideSolutionNode = FALSE
	EndGlobalSection
	GlobalSection(NestedProjects) = preSolution
		{8BF9676F-4514-4C43-A33A-23B9A098DC63} = {A2129504-BE77-47D7-BFB0-D8C333EA3CA4}
		{0B53B00A-67B7-4677-875B-5096F00DD9FB} = {A2129504-BE77-47D7-BFB0-D8C333EA3CA4}
		{7DADFA3A-BF39-4109-AD02-6EE7F94BEA30} = {A2129504-BE77-47D7-BFB0-D8C333EA3CA4}
		{3C8C67B8-3746-4D26-B3A8-DCB01B5AA66B} = {47372419-BB0F-4D47-A9A9-F93EE7551CB9}
		{3EEDDDF5-284E-4C9E-87AF-4FFF72C480D4} = {47372419-BB0F-4D47-A9A9-F93EE7551CB9}
		{391F9889-812D-4C32-975E-2CF9F5B456FF} = {47372419-BB0F-4D47-A9A9-F93EE7551CB9}
		{B7DF0C3C-41D4-48A7-939A-295BC3AC9CAA} = {2D4B25D2-13CC-44F7-AB55-77AB6222B755}
		{E3A72A0A-529B-4397-8A97-2F9CAF701195} = {2D4B25D2-13CC-44F7-AB55-77AB6222B755}
		{ED6E8792-75CC-4131-8FEA-10128984B3DC} = {2D4B25D2-13CC-44F7-AB55-77AB6222B755}
		{51CBED10-A51E-43A7-8370-81DE490BE207} = {47372419-BB0F-4D47-A9A9-F93EE7551CB9}
		{A39E7563-C6CE-4B46-BDCB-FF61F3F7A4BC} = {47372419-BB0F-4D47-A9A9-F93EE7551CB9}
		{F7C036DB-D4C9-4326-A17B-713CB00F313C} = {35657E73-7929-41AB-9415-BD463CD4DB76}
		{60938345-E9CF-41F0-A588-505B05E5E544} = {35657E73-7929-41AB-9415-BD463CD4DB76}
		{B05ED3B8-AB3F-44D5-ABA7-E6AA4A924FDB} = {35657E73-7929-41AB-9415-BD463CD4DB76}
		{1F7E1172-8C7E-4411-852A-FA44125D6CCA} = {35657E73-7929-41AB-9415-BD463CD4DB76}
		{25A40479-E3D1-422D-8ED4-C9FED4210435} = {A2129504-BE77-47D7-BFB0-D8C333EA3CA4}
	EndGlobalSection
	GlobalSection(ExtensibilityGlobals) = postSolution
		SolutionGuid = {6D65953E-CAC2-4CC3-AD7F-1385F33D7C21}
	EndGlobalSection
EndGlobal
