
Microsoft Visual Studio Solution File, Format Version 12.00
# Visual Studio 15
VisualStudioVersion = 15.0.27004.2002
MinimumVisualStudioVersion = 10.0.40219.1
Project("{2150E333-8FDC-42A3-9474-1A3956D46DE8}") = "SolutionItems", "SolutionItems", "{FFE65C57-3578-4AE6-97E5-017B37CB8C43}"
	ProjectSection(SolutionItems) = preProject
		common.json = common.json
		common.sml = common.sml
		..\README.md = ..\README.md
	EndProjectSection
EndProject
Project("{9A19103F-16F7-4668-BE54-9A1E7A4F7556}") = "Secs4Net", "Secs4Net\Secs4Net.csproj", "{98085028-053F-4581-9EE7-BE29D1021109}"
EndProject
Project("{9A19103F-16F7-4668-BE54-9A1E7A4F7556}") = "Secs4Net.Json", "Secs4Net.Json\Secs4Net.Json.csproj", "{A5F94CB3-49F6-4339-AF89-FDF94FC2385A}"
EndProject
Project("{9A19103F-16F7-4668-BE54-9A1E7A4F7556}") = "Secs4Net.Sml", "Secs4Net.Sml\Secs4Net.Sml.csproj", "{C6335315-2B4B-4A00-ADFE-A4042196AB75}"
EndProject
Project("{9A19103F-16F7-4668-BE54-9A1E7A4F7556}") = "Demo", "Demo\Demo.csproj", "{52261ED6-5D21-4361-AD92-BDCCCA5A5CCE}"
EndProject
Global
	GlobalSection(SolutionConfigurationPlatforms) = preSolution
		Debug|Any CPU = Debug|Any CPU
		Debug|x86 = Debug|x86
		Release|Any CPU = Release|Any CPU
		Release|x86 = Release|x86
	EndGlobalSection
	GlobalSection(ProjectConfigurationPlatforms) = postSolution
		{98085028-053F-4581-9EE7-BE29D1021109}.Debug|Any CPU.ActiveCfg = Debug|Any CPU
		{98085028-053F-4581-9EE7-BE29D1021109}.Debug|Any CPU.Build.0 = Debug|Any CPU
		{98085028-053F-4581-9EE7-BE29D1021109}.Debug|x86.ActiveCfg = Debug|Any CPU
		{98085028-053F-4581-9EE7-BE29D1021109}.Debug|x86.Build.0 = Debug|Any CPU
		{98085028-053F-4581-9EE7-BE29D1021109}.Release|Any CPU.ActiveCfg = Release|Any CPU
		{98085028-053F-4581-9EE7-BE29D1021109}.Release|Any CPU.Build.0 = Release|Any CPU
		{98085028-053F-4581-9EE7-BE29D1021109}.Release|x86.ActiveCfg = Release|Any CPU
		{98085028-053F-4581-9EE7-BE29D1021109}.Release|x86.Build.0 = Release|Any CPU
		{A5F94CB3-49F6-4339-AF89-FDF94FC2385A}.Debug|Any CPU.ActiveCfg = Debug|Any CPU
		{A5F94CB3-49F6-4339-AF89-FDF94FC2385A}.Debug|Any CPU.Build.0 = Debug|Any CPU
		{A5F94CB3-49F6-4339-AF89-FDF94FC2385A}.Debug|x86.ActiveCfg = Debug|Any CPU
		{A5F94CB3-49F6-4339-AF89-FDF94FC2385A}.Debug|x86.Build.0 = Debug|Any CPU
		{A5F94CB3-49F6-4339-AF89-FDF94FC2385A}.Release|Any CPU.ActiveCfg = Release|Any CPU
		{A5F94CB3-49F6-4339-AF89-FDF94FC2385A}.Release|Any CPU.Build.0 = Release|Any CPU
		{A5F94CB3-49F6-4339-AF89-FDF94FC2385A}.Release|x86.ActiveCfg = Release|Any CPU
		{A5F94CB3-49F6-4339-AF89-FDF94FC2385A}.Release|x86.Build.0 = Release|Any CPU
		{C6335315-2B4B-4A00-ADFE-A4042196AB75}.Debug|Any CPU.ActiveCfg = Debug|Any CPU
		{C6335315-2B4B-4A00-ADFE-A4042196AB75}.Debug|Any CPU.Build.0 = Debug|Any CPU
		{C6335315-2B4B-4A00-ADFE-A4042196AB75}.Debug|x86.ActiveCfg = Debug|Any CPU
		{C6335315-2B4B-4A00-ADFE-A4042196AB75}.Debug|x86.Build.0 = Debug|Any CPU
		{C6335315-2B4B-4A00-ADFE-A4042196AB75}.Release|Any CPU.ActiveCfg = Release|Any CPU
		{C6335315-2B4B-4A00-ADFE-A4042196AB75}.Release|Any CPU.Build.0 = Release|Any CPU
		{C6335315-2B4B-4A00-ADFE-A4042196AB75}.Release|x86.ActiveCfg = Release|Any CPU
		{C6335315-2B4B-4A00-ADFE-A4042196AB75}.Release|x86.Build.0 = Release|Any CPU
		{52261ED6-5D21-4361-AD92-BDCCCA5A5CCE}.Debug|Any CPU.ActiveCfg = Debug|Any CPU
		{52261ED6-5D21-4361-AD92-BDCCCA5A5CCE}.Debug|Any CPU.Build.0 = Debug|Any CPU
		{52261ED6-5D21-4361-AD92-BDCCCA5A5CCE}.Debug|x86.ActiveCfg = Debug|Any CPU
		{52261ED6-5D21-4361-AD92-BDCCCA5A5CCE}.Debug|x86.Build.0 = Debug|Any CPU
		{52261ED6-5D21-4361-AD92-BDCCCA5A5CCE}.Release|Any CPU.ActiveCfg = Release|Any CPU
		{52261ED6-5D21-4361-AD92-BDCCCA5A5CCE}.Release|Any CPU.Build.0 = Release|Any CPU
		{52261ED6-5D21-4361-AD92-BDCCCA5A5CCE}.Release|x86.ActiveCfg = Release|Any CPU
		{52261ED6-5D21-4361-AD92-BDCCCA5A5CCE}.Release|x86.Build.0 = Release|Any CPU
	EndGlobalSection
	GlobalSection(SolutionProperties) = preSolution
		HideSolutionNode = FALSE
	EndGlobalSection
	GlobalSection(ExtensibilityGlobals) = postSolution
		SolutionGuid = {6D65953E-CAC2-4CC3-AD7F-1385F33D7C21}
	EndGlobalSection
EndGlobal
